
Microsoft Visual Studio Solution File, Format Version 12.00
# Visual Studio Version 17
VisualStudioVersion = 17.4.33213.308
MinimumVisualStudioVersion = 10.0.40219.1
Project("{FAE04EC0-301F-11D3-BF4B-00C04F79EFBC}") = "examen-unidad1-poo", "examen-unidad1-poo\examen-unidad1-poo.csproj", "{4317A213-4744-4910-91A8-895D7D21417E}"
EndProject
Global
	GlobalSection(SolutionConfigurationPlatforms) = preSolution
		Debug|Any CPU = Debug|Any CPU
		Release|Any CPU = Release|Any CPU
	EndGlobalSection
	GlobalSection(ProjectConfigurationPlatforms) = postSolution
		{4317A213-4744-4910-91A8-895D7D21417E}.Debug|Any CPU.ActiveCfg = Debug|Any CPU
		{4317A213-4744-4910-91A8-895D7D21417E}.Debug|Any CPU.Build.0 = Debug|Any CPU
		{4317A213-4744-4910-91A8-895D7D21417E}.Release|Any CPU.ActiveCfg = Release|Any CPU
		{4317A213-4744-4910-91A8-895D7D21417E}.Release|Any CPU.Build.0 = Release|Any CPU
	EndGlobalSection
	GlobalSection(SolutionProperties) = preSolution
		HideSolutionNode = FALSE
	EndGlobalSection
	GlobalSection(ExtensibilityGlobals) = postSolution
		SolutionGuid = {6FF29CB9-085C-42B4-9F03-970657D7D00E}
	EndGlobalSection
EndGlobal
